// !$*UTF8*$!
{
	archiveVersion = 1;
	classes = {
	};
	objectVersion = 77;
	objects = {

/* Begin PBXBuildFile section */
		305235F11CB3F0E6B2A80285 /* Pods_googlemap_navigationTests.framework in Frameworks */ = {isa = PBXBuildFile; fileRef = 9FCA1EABDAEB06D9B4F0E396 /* Pods_googlemap_navigationTests.framework */; };
		5F57F1783574EDB57CB40C48 /* Pods_googlemap_navigation_googlemap_navigationUITests.framework in Frameworks */ = {isa = PBXBuildFile; fileRef = 9DF8520E3EA50CDD51FC7F71 /* Pods_googlemap_navigation_googlemap_navigationUITests.framework */; };
		D837FE954AF772C9CCA48BFC /* Pods_googlemap_navigation.framework in Frameworks */ = {isa = PBXBuildFile; fileRef = C153C1CFB027B25679D7ED92 /* Pods_googlemap_navigation.framework */; };
/* End PBXBuildFile section */

/* Begin PBXContainerItemProxy section */
		E1F6D4A92DBE78150023DC68 /* PBXContainerItemProxy */ = {
			isa = PBXContainerItemProxy;
			containerPortal = E1F6D48A2DBE78130023DC68 /* Project object */;
			proxyType = 1;
			remoteGlobalIDString = E1F6D4912DBE78130023DC68;
			remoteInfo = googlemap_navigation;
		};
		E1F6D4B32DBE78150023DC68 /* PBXContainerItemProxy */ = {
			isa = PBXContainerItemProxy;
			containerPortal = E1F6D48A2DBE78130023DC68 /* Project object */;
			proxyType = 1;
			remoteGlobalIDString = E1F6D4912DBE78130023DC68;
			remoteInfo = googlemap_navigation;
		};
/* End PBXContainerItemProxy section */

/* Begin PBXFileReference section */
		0231948395A43820A7E9E51C /* Pods-googlemap_navigation-googlemap_navigationUITests.debug.xcconfig */ = {isa = PBXFileReference; includeInIndex = 1; lastKnownFileType = text.xcconfig; name = "Pods-googlemap_navigation-googlemap_navigationUITests.debug.xcconfig"; path = "Target Support Files/Pods-googlemap_navigation-googlemap_navigationUITests/Pods-googlemap_navigation-googlemap_navigationUITests.debug.xcconfig"; sourceTree = "<group>"; };
		5AAB0736CBDE29A44C3C9F20 /* Pods-googlemap_navigation.debug.xcconfig */ = {isa = PBXFileReference; includeInIndex = 1; lastKnownFileType = text.xcconfig; name = "Pods-googlemap_navigation.debug.xcconfig"; path = "Target Support Files/Pods-googlemap_navigation/Pods-googlemap_navigation.debug.xcconfig"; sourceTree = "<group>"; };
		8A3F38BC7E3F306C1C34DBAF /* Pods-googlemap_navigationTests.debug.xcconfig */ = {isa = PBXFileReference; includeInIndex = 1; lastKnownFileType = text.xcconfig; name = "Pods-googlemap_navigationTests.debug.xcconfig"; path = "Target Support Files/Pods-googlemap_navigationTests/Pods-googlemap_navigationTests.debug.xcconfig"; sourceTree = "<group>"; };
		9B9F32D921272E8D77243C2C /* Pods-googlemap_navigationTests.release.xcconfig */ = {isa = PBXFileReference; includeInIndex = 1; lastKnownFileType = text.xcconfig; name = "Pods-googlemap_navigationTests.release.xcconfig"; path = "Target Support Files/Pods-googlemap_navigationTests/Pods-googlemap_navigationTests.release.xcconfig"; sourceTree = "<group>"; };
		9DF8520E3EA50CDD51FC7F71 /* Pods_googlemap_navigation_googlemap_navigationUITests.framework */ = {isa = PBXFileReference; explicitFileType = wrapper.framework; includeInIndex = 0; path = Pods_googlemap_navigation_googlemap_navigationUITests.framework; sourceTree = BUILT_PRODUCTS_DIR; };
		9FCA1EABDAEB06D9B4F0E396 /* Pods_googlemap_navigationTests.framework */ = {isa = PBXFileReference; explicitFileType = wrapper.framework; includeInIndex = 0; path = Pods_googlemap_navigationTests.framework; sourceTree = BUILT_PRODUCTS_DIR; };
		C153C1CFB027B25679D7ED92 /* Pods_googlemap_navigation.framework */ = {isa = PBXFileReference; explicitFileType = wrapper.framework; includeInIndex = 0; path = Pods_googlemap_navigation.framework; sourceTree = BUILT_PRODUCTS_DIR; };
		D0D71BBA43D12510A61251F4 /* Pods-googlemap_navigation-googlemap_navigationUITests.release.xcconfig */ = {isa = PBXFileReference; includeInIndex = 1; lastKnownFileType = text.xcconfig; name = "Pods-googlemap_navigation-googlemap_navigationUITests.release.xcconfig"; path = "Target Support Files/Pods-googlemap_navigation-googlemap_navigationUITests/Pods-googlemap_navigation-googlemap_navigationUITests.release.xcconfig"; sourceTree = "<group>"; };
		E1F6D4922DBE78130023DC68 /* googlemap_navigation.app */ = {isa = PBXFileReference; explicitFileType = wrapper.application; includeInIndex = 0; path = googlemap_navigation.app; sourceTree = BUILT_PRODUCTS_DIR; };
		E1F6D4A82DBE78150023DC68 /* googlemap_navigationTests.xctest */ = {isa = PBXFileReference; explicitFileType = wrapper.cfbundle; includeInIndex = 0; path = googlemap_navigationTests.xctest; sourceTree = BUILT_PRODUCTS_DIR; };
		E1F6D4B22DBE78150023DC68 /* googlemap_navigationUITests.xctest */ = {isa = PBXFileReference; explicitFileType = wrapper.cfbundle; includeInIndex = 0; path = googlemap_navigationUITests.xctest; sourceTree = BUILT_PRODUCTS_DIR; };
		E5EEDA4E126D5E60BE1EDA60 /* Pods-googlemap_navigation.release.xcconfig */ = {isa = PBXFileReference; includeInIndex = 1; lastKnownFileType = text.xcconfig; name = "Pods-googlemap_navigation.release.xcconfig"; path = "Target Support Files/Pods-googlemap_navigation/Pods-googlemap_navigation.release.xcconfig"; sourceTree = "<group>"; };
/* End PBXFileReference section */

/* Begin PBXFileSystemSynchronizedBuildFileExceptionSet section */
		E1F6D4BA2DBE78150023DC68 /* Exceptions for "googlemap_navigation" folder in "googlemap_navigation" target */ = {
			isa = PBXFileSystemSynchronizedBuildFileExceptionSet;
			membershipExceptions = (
				Info.plist,
			);
			target = E1F6D4912DBE78130023DC68 /* googlemap_navigation */;
		};
/* End PBXFileSystemSynchronizedBuildFileExceptionSet section */

/* Begin PBXFileSystemSynchronizedRootGroup section */
		E1F6D4942DBE78130023DC68 /* googlemap_navigation */ = {
			isa = PBXFileSystemSynchronizedRootGroup;
			exceptions = (
				E1F6D4BA2DBE78150023DC68 /* Exceptions for "googlemap_navigation" folder in "googlemap_navigation" target */,
			);
			path = googlemap_navigation;
			sourceTree = "<group>";
		};
		E1F6D4AB2DBE78150023DC68 /* googlemap_navigationTests */ = {
			isa = PBXFileSystemSynchronizedRootGroup;
			exceptions = (
			);
			path = googlemap_navigationTests;
			sourceTree = "<group>";
		};
		E1F6D4B52DBE78150023DC68 /* googlemap_navigationUITests */ = {
			isa = PBXFileSystemSynchronizedRootGroup;
			exceptions = (
			);
			path = googlemap_navigationUITests;
			sourceTree = "<group>";
		};
/* End PBXFileSystemSynchronizedRootGroup section */

/* Begin PBXFrameworksBuildPhase section */
		E1F6D48F2DBE78130023DC68 /* Frameworks */ = {
			isa = PBXFrameworksBuildPhase;
			buildActionMask = 2147483647;
			files = (
				D837FE954AF772C9CCA48BFC /* Pods_googlemap_navigation.framework in Frameworks */,
			);
			runOnlyForDeploymentPostprocessing = 0;
		};
		E1F6D4A52DBE78150023DC68 /* Frameworks */ = {
			isa = PBXFrameworksBuildPhase;
			buildActionMask = 2147483647;
			files = (
				305235F11CB3F0E6B2A80285 /* Pods_googlemap_navigationTests.framework in Frameworks */,
			);
			runOnlyForDeploymentPostprocessing = 0;
		};
		E1F6D4AF2DBE78150023DC68 /* Frameworks */ = {
			isa = PBXFrameworksBuildPhase;
			buildActionMask = 2147483647;
			files = (
				5F57F1783574EDB57CB40C48 /* Pods_googlemap_navigation_googlemap_navigationUITests.framework in Frameworks */,
			);
			runOnlyForDeploymentPostprocessing = 0;
		};
/* End PBXFrameworksBuildPhase section */

/* Begin PBXGroup section */
		39142406261454301DC0EA36 /* Pods */ = {
			isa = PBXGroup;
			children = (
				5AAB0736CBDE29A44C3C9F20 /* Pods-googlemap_navigation.debug.xcconfig */,
				E5EEDA4E126D5E60BE1EDA60 /* Pods-googlemap_navigation.release.xcconfig */,
				0231948395A43820A7E9E51C /* Pods-googlemap_navigation-googlemap_navigationUITests.debug.xcconfig */,
				D0D71BBA43D12510A61251F4 /* Pods-googlemap_navigation-googlemap_navigationUITests.release.xcconfig */,
				8A3F38BC7E3F306C1C34DBAF /* Pods-googlemap_navigationTests.debug.xcconfig */,
				9B9F32D921272E8D77243C2C /* Pods-googlemap_navigationTests.release.xcconfig */,
			);
			path = Pods;
			sourceTree = "<group>";
		};
		E1F6D4892DBE78130023DC68 = {
			isa = PBXGroup;
			children = (
				E1F6D4942DBE78130023DC68 /* googlemap_navigation */,
				E1F6D4AB2DBE78150023DC68 /* googlemap_navigationTests */,
				E1F6D4B52DBE78150023DC68 /* googlemap_navigationUITests */,
				E1F6D4932DBE78130023DC68 /* Products */,
				39142406261454301DC0EA36 /* Pods */,
				E5F2C81FEFC79294431986F8 /* Frameworks */,
			);
			sourceTree = "<group>";
		};
		E1F6D4932DBE78130023DC68 /* Products */ = {
			isa = PBXGroup;
			children = (
				E1F6D4922DBE78130023DC68 /* googlemap_navigation.app */,
				E1F6D4A82DBE78150023DC68 /* googlemap_navigationTests.xctest */,
				E1F6D4B22DBE78150023DC68 /* googlemap_navigationUITests.xctest */,
			);
			name = Products;
			sourceTree = "<group>";
		};
		E5F2C81FEFC79294431986F8 /* Frameworks */ = {
			isa = PBXGroup;
			children = (
				C153C1CFB027B25679D7ED92 /* Pods_googlemap_navigation.framework */,
				9DF8520E3EA50CDD51FC7F71 /* Pods_googlemap_navigation_googlemap_navigationUITests.framework */,
				9FCA1EABDAEB06D9B4F0E396 /* Pods_googlemap_navigationTests.framework */,
			);
			name = Frameworks;
			sourceTree = "<group>";
		};
/* End PBXGroup section */

/* Begin PBXNativeTarget section */
		E1F6D4912DBE78130023DC68 /* googlemap_navigation */ = {
			isa = PBXNativeTarget;
			buildConfigurationList = E1F6D4BB2DBE78150023DC68 /* Build configuration list for PBXNativeTarget "googlemap_navigation" */;
			buildPhases = (
				6089C3B8E17F3D05F191744A /* [CP] Check Pods Manifest.lock */,
				E1F6D48E2DBE78130023DC68 /* Sources */,
				E1F6D48F2DBE78130023DC68 /* Frameworks */,
				E1F6D4902DBE78130023DC68 /* Resources */,
				126E9584D514DC7EB7F2AF27 /* [CP] Copy Pods Resources */,
			);
			buildRules = (
			);
			dependencies = (
			);
			fileSystemSynchronizedGroups = (
				E1F6D4942DBE78130023DC68 /* googlemap_navigation */,
			);
			name = googlemap_navigation;
			productName = googlemap_navigation;
			productReference = E1F6D4922DBE78130023DC68 /* googlemap_navigation.app */;
			productType = "com.apple.product-type.application";
		};
		E1F6D4A72DBE78150023DC68 /* googlemap_navigationTests */ = {
			isa = PBXNativeTarget;
			buildConfigurationList = E1F6D4C02DBE78150023DC68 /* Build configuration list for PBXNativeTarget "googlemap_navigationTests" */;
			buildPhases = (
				2D21F860078A74E79E101CFB /* [CP] Check Pods Manifest.lock */,
				E1F6D4A42DBE78150023DC68 /* Sources */,
				E1F6D4A52DBE78150023DC68 /* Frameworks */,
				E1F6D4A62DBE78150023DC68 /* Resources */,
			);
			buildRules = (
			);
			dependencies = (
				E1F6D4AA2DBE78150023DC68 /* PBXTargetDependency */,
			);
			fileSystemSynchronizedGroups = (
				E1F6D4AB2DBE78150023DC68 /* googlemap_navigationTests */,
			);
			name = googlemap_navigationTests;
			productName = googlemap_navigationTests;
			productReference = E1F6D4A82DBE78150023DC68 /* googlemap_navigationTests.xctest */;
			productType = "com.apple.product-type.bundle.unit-test";
		};
		E1F6D4B12DBE78150023DC68 /* googlemap_navigationUITests */ = {
			isa = PBXNativeTarget;
			buildConfigurationList = E1F6D4C32DBE78150023DC68 /* Build configuration list for PBXNativeTarget "googlemap_navigationUITests" */;
			buildPhases = (
				4DD79D97377B6D93278354E7 /* [CP] Check Pods Manifest.lock */,
				E1F6D4AE2DBE78150023DC68 /* Sources */,
				E1F6D4AF2DBE78150023DC68 /* Frameworks */,
				E1F6D4B02DBE78150023DC68 /* Resources */,
				5B023D037803F981E6BA9EE3 /* [CP] Copy Pods Resources */,
			);
			buildRules = (
			);
			dependencies = (
				E1F6D4B42DBE78150023DC68 /* PBXTargetDependency */,
			);
			fileSystemSynchronizedGroups = (
				E1F6D4B52DBE78150023DC68 /* googlemap_navigationUITests */,
			);
			name = googlemap_navigationUITests;
			productName = googlemap_navigationUITests;
			productReference = E1F6D4B22DBE78150023DC68 /* googlemap_navigationUITests.xctest */;
			productType = "com.apple.product-type.bundle.ui-testing";
		};
/* End PBXNativeTarget section */

/* Begin PBXProject section */
		E1F6D48A2DBE78130023DC68 /* Project object */ = {
			isa = PBXProject;
			attributes = {
				BuildIndependentTargetsInParallel = 1;
				LastSwiftUpdateCheck = 1630;
				LastUpgradeCheck = 1630;
				TargetAttributes = {
					E1F6D4912DBE78130023DC68 = {
						CreatedOnToolsVersion = 16.3;
					};
					E1F6D4A72DBE78150023DC68 = {
						CreatedOnToolsVersion = 16.3;
						TestTargetID = E1F6D4912DBE78130023DC68;
					};
					E1F6D4B12DBE78150023DC68 = {
						CreatedOnToolsVersion = 16.3;
						TestTargetID = E1F6D4912DBE78130023DC68;
					};
				};
			};
			buildConfigurationList = E1F6D48D2DBE78130023DC68 /* Build configuration list for PBXProject "googlemap_navigation" */;
			developmentRegion = en;
			hasScannedForEncodings = 0;
			knownRegions = (
				en,
				Base,
			);
			mainGroup = E1F6D4892DBE78130023DC68;
			minimizedProjectReferenceProxies = 1;
			preferredProjectObjectVersion = 77;
			productRefGroup = E1F6D4932DBE78130023DC68 /* Products */;
			projectDirPath = "";
			projectRoot = "";
			targets = (
				E1F6D4912DBE78130023DC68 /* googlemap_navigation */,
				E1F6D4A72DBE78150023DC68 /* googlemap_navigationTests */,
				E1F6D4B12DBE78150023DC68 /* googlemap_navigationUITests */,
			);
		};
/* End PBXProject section */

/* Begin PBXResourcesBuildPhase section */
		E1F6D4902DBE78130023DC68 /* Resources */ = {
			isa = PBXResourcesBuildPhase;
			buildActionMask = 2147483647;
			files = (
			);
			runOnlyForDeploymentPostprocessing = 0;
		};
		E1F6D4A62DBE78150023DC68 /* Resources */ = {
			isa = PBXResourcesBuildPhase;
			buildActionMask = 2147483647;
			files = (
			);
			runOnlyForDeploymentPostprocessing = 0;
		};
		E1F6D4B02DBE78150023DC68 /* Resources */ = {
			isa = PBXResourcesBuildPhase;
			buildActionMask = 2147483647;
			files = (
			);
			runOnlyForDeploymentPostprocessing = 0;
		};
/* End PBXResourcesBuildPhase section */

/* Begin PBXShellScriptBuildPhase section */
		126E9584D514DC7EB7F2AF27 /* [CP] Copy Pods Resources */ = {
			isa = PBXShellScriptBuildPhase;
			buildActionMask = 2147483647;
			files = (
			);
			inputFileListPaths = (
				"${PODS_ROOT}/Target Support Files/Pods-googlemap_navigation/Pods-googlemap_navigation-resources-${CONFIGURATION}-input-files.xcfilelist",
			);
			name = "[CP] Copy Pods Resources";
			outputFileListPaths = (
				"${PODS_ROOT}/Target Support Files/Pods-googlemap_navigation/Pods-googlemap_navigation-resources-${CONFIGURATION}-output-files.xcfilelist",
			);
			runOnlyForDeploymentPostprocessing = 0;
			shellPath = /bin/sh;
			shellScript = "\"${PODS_ROOT}/Target Support Files/Pods-googlemap_navigation/Pods-googlemap_navigation-resources.sh\"\n";
			showEnvVarsInLog = 0;
		};
		2D21F860078A74E79E101CFB /* [CP] Check Pods Manifest.lock */ = {
			isa = PBXShellScriptBuildPhase;
			buildActionMask = 2147483647;
			files = (
			);
			inputFileListPaths = (
			);
			inputPaths = (
				"${PODS_PODFILE_DIR_PATH}/Podfile.lock",
				"${PODS_ROOT}/Manifest.lock",
			);
			name = "[CP] Check Pods Manifest.lock";
			outputFileListPaths = (
			);
			outputPaths = (
				"$(DERIVED_FILE_DIR)/Pods-googlemap_navigationTests-checkManifestLockResult.txt",
			);
			runOnlyForDeploymentPostprocessing = 0;
			shellPath = /bin/sh;
			shellScript = "diff \"${PODS_PODFILE_DIR_PATH}/Podfile.lock\" \"${PODS_ROOT}/Manifest.lock\" > /dev/null\nif [ $? != 0 ] ; then\n    # print error to STDERR\n    echo \"error: The sandbox is not in sync with the Podfile.lock. Run 'pod install' or update your CocoaPods installation.\" >&2\n    exit 1\nfi\n# This output is used by Xcode 'outputs' to avoid re-running this script phase.\necho \"SUCCESS\" > \"${SCRIPT_OUTPUT_FILE_0}\"\n";
			showEnvVarsInLog = 0;
		};
		4DD79D97377B6D93278354E7 /* [CP] Check Pods Manifest.lock */ = {
			isa = PBXShellScriptBuildPhase;
			buildActionMask = 2147483647;
			files = (
			);
			inputFileListPaths = (
			);
			inputPaths = (
				"${PODS_PODFILE_DIR_PATH}/Podfile.lock",
				"${PODS_ROOT}/Manifest.lock",
			);
			name = "[CP] Check Pods Manifest.lock";
			outputFileListPaths = (
			);
			outputPaths = (
				"$(DERIVED_FILE_DIR)/Pods-googlemap_navigation-googlemap_navigationUITests-checkManifestLockResult.txt",
			);
			runOnlyForDeploymentPostprocessing = 0;
			shellPath = /bin/sh;
			shellScript = "diff \"${PODS_PODFILE_DIR_PATH}/Podfile.lock\" \"${PODS_ROOT}/Manifest.lock\" > /dev/null\nif [ $? != 0 ] ; then\n    # print error to STDERR\n    echo \"error: The sandbox is not in sync with the Podfile.lock. Run 'pod install' or update your CocoaPods installation.\" >&2\n    exit 1\nfi\n# This output is used by Xcode 'outputs' to avoid re-running this script phase.\necho \"SUCCESS\" > \"${SCRIPT_OUTPUT_FILE_0}\"\n";
			showEnvVarsInLog = 0;
		};
		5B023D037803F981E6BA9EE3 /* [CP] Copy Pods Resources */ = {
			isa = PBXShellScriptBuildPhase;
			buildActionMask = 2147483647;
			files = (
			);
			inputFileListPaths = (
				"${PODS_ROOT}/Target Support Files/Pods-googlemap_navigation-googlemap_navigationUITests/Pods-googlemap_navigation-googlemap_navigationUITests-resources-${CONFIGURATION}-input-files.xcfilelist",
			);
			name = "[CP] Copy Pods Resources";
			outputFileListPaths = (
				"${PODS_ROOT}/Target Support Files/Pods-googlemap_navigation-googlemap_navigationUITests/Pods-googlemap_navigation-googlemap_navigationUITests-resources-${CONFIGURATION}-output-files.xcfilelist",
			);
			runOnlyForDeploymentPostprocessing = 0;
			shellPath = /bin/sh;
			shellScript = "\"${PODS_ROOT}/Target Support Files/Pods-googlemap_navigation-googlemap_navigationUITests/Pods-googlemap_navigation-googlemap_navigationUITests-resources.sh\"\n";
			showEnvVarsInLog = 0;
		};
		6089C3B8E17F3D05F191744A /* [CP] Check Pods Manifest.lock */ = {
			isa = PBXShellScriptBuildPhase;
			buildActionMask = 2147483647;
			files = (
			);
			inputFileListPaths = (
			);
			inputPaths = (
				"${PODS_PODFILE_DIR_PATH}/Podfile.lock",
				"${PODS_ROOT}/Manifest.lock",
			);
			name = "[CP] Check Pods Manifest.lock";
			outputFileListPaths = (
			);
			outputPaths = (
				"$(DERIVED_FILE_DIR)/Pods-googlemap_navigation-checkManifestLockResult.txt",
			);
			runOnlyForDeploymentPostprocessing = 0;
			shellPath = /bin/sh;
			shellScript = "diff \"${PODS_PODFILE_DIR_PATH}/Podfile.lock\" \"${PODS_ROOT}/Manifest.lock\" > /dev/null\nif [ $? != 0 ] ; then\n    # print error to STDERR\n    echo \"error: The sandbox is not in sync with the Podfile.lock. Run 'pod install' or update your CocoaPods installation.\" >&2\n    exit 1\nfi\n# This output is used by Xcode 'outputs' to avoid re-running this script phase.\necho \"SUCCESS\" > \"${SCRIPT_OUTPUT_FILE_0}\"\n";
			showEnvVarsInLog = 0;
		};
/* End PBXShellScriptBuildPhase section */

/* Begin PBXSourcesBuildPhase section */
		E1F6D48E2DBE78130023DC68 /* Sources */ = {
			isa = PBXSourcesBuildPhase;
			buildActionMask = 2147483647;
			files = (
			);
			runOnlyForDeploymentPostprocessing = 0;
		};
		E1F6D4A42DBE78150023DC68 /* Sources */ = {
			isa = PBXSourcesBuildPhase;
			buildActionMask = 2147483647;
			files = (
			);
			runOnlyForDeploymentPostprocessing = 0;
		};
		E1F6D4AE2DBE78150023DC68 /* Sources */ = {
			isa = PBXSourcesBuildPhase;
			buildActionMask = 2147483647;
			files = (
			);
			runOnlyForDeploymentPostprocessing = 0;
		};
/* End PBXSourcesBuildPhase section */

/* Begin PBXTargetDependency section */
		E1F6D4AA2DBE78150023DC68 /* PBXTargetDependency */ = {
			isa = PBXTargetDependency;
			target = E1F6D4912DBE78130023DC68 /* googlemap_navigation */;
			targetProxy = E1F6D4A92DBE78150023DC68 /* PBXContainerItemProxy */;
		};
		E1F6D4B42DBE78150023DC68 /* PBXTargetDependency */ = {
			isa = PBXTargetDependency;
			target = E1F6D4912DBE78130023DC68 /* googlemap_navigation */;
			targetProxy = E1F6D4B32DBE78150023DC68 /* PBXContainerItemProxy */;
		};
/* End PBXTargetDependency section */

/* Begin XCBuildConfiguration section */
		E1F6D4BC2DBE78150023DC68 /* Debug */ = {
			isa = XCBuildConfiguration;
			baseConfigurationReference = 5AAB0736CBDE29A44C3C9F20 /* Pods-googlemap_navigation.debug.xcconfig */;
			buildSettings = {
				ASSETCATALOG_COMPILER_APPICON_NAME = AppIcon;
				ASSETCATALOG_COMPILER_GLOBAL_ACCENT_COLOR_NAME = AccentColor;
				CODE_SIGN_STYLE = Automatic;
				CURRENT_PROJECT_VERSION = 1;
				DEVELOPMENT_TEAM = Z3QHWSBQHF;
				ENABLE_USER_SCRIPT_SANDBOXING = NO;
				GENERATE_INFOPLIST_FILE = YES;
				INFOPLIST_FILE = googlemap_navigation/Info.plist;
				INFOPLIST_KEY_NSLocationWhenInUseUsageDescription = "please allow access to see your location";
				INFOPLIST_KEY_UIApplicationSupportsIndirectInputEvents = YES;
				INFOPLIST_KEY_UILaunchStoryboardName = LaunchScreen;
				INFOPLIST_KEY_UIMainStoryboardFile = Main;
				INFOPLIST_KEY_UISupportedInterfaceOrientations_iPad = "UIInterfaceOrientationPortrait UIInterfaceOrientationPortraitUpsideDown UIInterfaceOrientationLandscapeLeft UIInterfaceOrientationLandscapeRight";
				INFOPLIST_KEY_UISupportedInterfaceOrientations_iPhone = "UIInterfaceOrientationPortrait UIInterfaceOrientationLandscapeLeft UIInterfaceOrientationLandscapeRight";
				LD_RUNPATH_SEARCH_PATHS = (
					"$(inherited)",
					"@executable_path/Frameworks",
				);
				MARKETING_VERSION = 1.0;
				PRODUCT_BUNDLE_IDENTIFIER = "com.hz3322.googlemap-navigation";
				PRODUCT_NAME = "$(TARGET_NAME)";
				SWIFT_EMIT_LOC_STRINGS = YES;
				SWIFT_VERSION = 5.0;
				TARGETED_DEVICE_FAMILY = "1,2";
			};
			name = Debug;
		};
		E1F6D4BD2DBE78150023DC68 /* Release */ = {
			isa = XCBuildConfiguration;
			baseConfigurationReference = E5EEDA4E126D5E60BE1EDA60 /* Pods-googlemap_navigation.release.xcconfig */;
			buildSettings = {
				ASSETCATALOG_COMPILER_APPICON_NAME = AppIcon;
				ASSETCATALOG_COMPILER_GLOBAL_ACCENT_COLOR_NAME = AccentColor;
				CODE_SIGN_STYLE = Automatic;
				CURRENT_PROJECT_VERSION = 1;
				DEVELOPMENT_TEAM = Z3QHWSBQHF;
				ENABLE_USER_SCRIPT_SANDBOXING = NO;
				GENERATE_INFOPLIST_FILE = YES;
				INFOPLIST_FILE = googlemap_navigation/Info.plist;
				INFOPLIST_KEY_NSLocationWhenInUseUsageDescription = "please allow access to see your location";
				INFOPLIST_KEY_UIApplicationSupportsIndirectInputEvents = YES;
				INFOPLIST_KEY_UILaunchStoryboardName = LaunchScreen;
				INFOPLIST_KEY_UIMainStoryboardFile = Main;
				INFOPLIST_KEY_UISupportedInterfaceOrientations_iPad = "UIInterfaceOrientationPortrait UIInterfaceOrientationPortraitUpsideDown UIInterfaceOrientationLandscapeLeft UIInterfaceOrientationLandscapeRight";
				INFOPLIST_KEY_UISupportedInterfaceOrientations_iPhone = "UIInterfaceOrientationPortrait UIInterfaceOrientationLandscapeLeft UIInterfaceOrientationLandscapeRight";
				LD_RUNPATH_SEARCH_PATHS = (
					"$(inherited)",
					"@executable_path/Frameworks",
				);
				MARKETING_VERSION = 1.0;
				PRODUCT_BUNDLE_IDENTIFIER = "com.hz3322.googlemap-navigation";
				PRODUCT_NAME = "$(TARGET_NAME)";
				SWIFT_EMIT_LOC_STRINGS = YES;
				SWIFT_VERSION = 5.0;
				TARGETED_DEVICE_FAMILY = "1,2";
			};
			name = Release;
		};
		E1F6D4BE2DBE78150023DC68 /* Debug */ = {
			isa = XCBuildConfiguration;
			buildSettings = {
				ALWAYS_SEARCH_USER_PATHS = NO;
				ASSETCATALOG_COMPILER_GENERATE_SWIFT_ASSET_SYMBOL_EXTENSIONS = YES;
				CLANG_ANALYZER_NONNULL = YES;
				CLANG_ANALYZER_NUMBER_OBJECT_CONVERSION = YES_AGGRESSIVE;
				CLANG_CXX_LANGUAGE_STANDARD = "gnu++20";
				CLANG_ENABLE_MODULES = YES;
				CLANG_ENABLE_OBJC_ARC = YES;
				CLANG_ENABLE_OBJC_WEAK = YES;
				CLANG_WARN_BLOCK_CAPTURE_AUTORELEASING = YES;
				CLANG_WARN_BOOL_CONVERSION = YES;
				CLANG_WARN_COMMA = YES;
				CLANG_WARN_CONSTANT_CONVERSION = YES;
				CLANG_WARN_DEPRECATED_OBJC_IMPLEMENTATIONS = YES;
				CLANG_WARN_DIRECT_OBJC_ISA_USAGE = YES_ERROR;
				CLANG_WARN_DOCUMENTATION_COMMENTS = YES;
				CLANG_WARN_EMPTY_BODY = YES;
				CLANG_WARN_ENUM_CONVERSION = YES;
				CLANG_WARN_INFINITE_RECURSION = YES;
				CLANG_WARN_INT_CONVERSION = YES;
				CLANG_WARN_NON_LITERAL_NULL_CONVERSION = YES;
				CLANG_WARN_OBJC_IMPLICIT_RETAIN_SELF = YES;
				CLANG_WARN_OBJC_LITERAL_CONVERSION = YES;
				CLANG_WARN_OBJC_ROOT_CLASS = YES_ERROR;
				CLANG_WARN_QUOTED_INCLUDE_IN_FRAMEWORK_HEADER = YES;
				CLANG_WARN_RANGE_LOOP_ANALYSIS = YES;
				CLANG_WARN_STRICT_PROTOTYPES = YES;
				CLANG_WARN_SUSPICIOUS_MOVE = YES;
				CLANG_WARN_UNGUARDED_AVAILABILITY = YES_AGGRESSIVE;
				CLANG_WARN_UNREACHABLE_CODE = YES;
				CLANG_WARN__DUPLICATE_METHOD_MATCH = YES;
				COPY_PHASE_STRIP = NO;
				DEBUG_INFORMATION_FORMAT = dwarf;
				DEVELOPMENT_TEAM = Z3QHWSBQHF;
				ENABLE_STRICT_OBJC_MSGSEND = YES;
				ENABLE_TESTABILITY = YES;
				ENABLE_USER_SCRIPT_SANDBOXING = YES;
				GCC_C_LANGUAGE_STANDARD = gnu17;
				GCC_DYNAMIC_NO_PIC = NO;
				GCC_NO_COMMON_BLOCKS = YES;
				GCC_OPTIMIZATION_LEVEL = 0;
				GCC_PREPROCESSOR_DEFINITIONS = (
					"DEBUG=1",
					"$(inherited)",
				);
				GCC_WARN_64_TO_32_BIT_CONVERSION = YES;
				GCC_WARN_ABOUT_RETURN_TYPE = YES_ERROR;
				GCC_WARN_UNDECLARED_SELECTOR = YES;
				GCC_WARN_UNINITIALIZED_AUTOS = YES_AGGRESSIVE;
				GCC_WARN_UNUSED_FUNCTION = YES;
				GCC_WARN_UNUSED_VARIABLE = YES;
				IPHONEOS_DEPLOYMENT_TARGET = 18.4;
				LOCALIZATION_PREFERS_STRING_CATALOGS = YES;
				MTL_ENABLE_DEBUG_INFO = INCLUDE_SOURCE;
				MTL_FAST_MATH = YES;
				ONLY_ACTIVE_ARCH = YES;
				SDKROOT = iphoneos;
				SWIFT_ACTIVE_COMPILATION_CONDITIONS = "DEBUG $(inherited)";
				SWIFT_OPTIMIZATION_LEVEL = "-Onone";
			};
			name = Debug;
		};
		E1F6D4BF2DBE78150023DC68 /* Release */ = {
			isa = XCBuildConfiguration;
			buildSettings = {
				ALWAYS_SEARCH_USER_PATHS = NO;
				ASSETCATALOG_COMPILER_GENERATE_SWIFT_ASSET_SYMBOL_EXTENSIONS = YES;
				CLANG_ANALYZER_NONNULL = YES;
				CLANG_ANALYZER_NUMBER_OBJECT_CONVERSION = YES_AGGRESSIVE;
				CLANG_CXX_LANGUAGE_STANDARD = "gnu++20";
				CLANG_ENABLE_MODULES = YES;
				CLANG_ENABLE_OBJC_ARC = YES;
				CLANG_ENABLE_OBJC_WEAK = YES;
				CLANG_WARN_BLOCK_CAPTURE_AUTORELEASING = YES;
				CLANG_WARN_BOOL_CONVERSION = YES;
				CLANG_WARN_COMMA = YES;
				CLANG_WARN_CONSTANT_CONVERSION = YES;
				CLANG_WARN_DEPRECATED_OBJC_IMPLEMENTATIONS = YES;
				CLANG_WARN_DIRECT_OBJC_ISA_USAGE = YES_ERROR;
				CLANG_WARN_DOCUMENTATION_COMMENTS = YES;
				CLANG_WARN_EMPTY_BODY = YES;
				CLANG_WARN_ENUM_CONVERSION = YES;
				CLANG_WARN_INFINITE_RECURSION = YES;
				CLANG_WARN_INT_CONVERSION = YES;
				CLANG_WARN_NON_LITERAL_NULL_CONVERSION = YES;
				CLANG_WARN_OBJC_IMPLICIT_RETAIN_SELF = YES;
				CLANG_WARN_OBJC_LITERAL_CONVERSION = YES;
				CLANG_WARN_OBJC_ROOT_CLASS = YES_ERROR;
				CLANG_WARN_QUOTED_INCLUDE_IN_FRAMEWORK_HEADER = YES;
				CLANG_WARN_RANGE_LOOP_ANALYSIS = YES;
				CLANG_WARN_STRICT_PROTOTYPES = YES;
				CLANG_WARN_SUSPICIOUS_MOVE = YES;
				CLANG_WARN_UNGUARDED_AVAILABILITY = YES_AGGRESSIVE;
				CLANG_WARN_UNREACHABLE_CODE = YES;
				CLANG_WARN__DUPLICATE_METHOD_MATCH = YES;
				COPY_PHASE_STRIP = NO;
				DEBUG_INFORMATION_FORMAT = "dwarf-with-dsym";
				DEVELOPMENT_TEAM = Z3QHWSBQHF;
				ENABLE_NS_ASSERTIONS = NO;
				ENABLE_STRICT_OBJC_MSGSEND = YES;
				ENABLE_USER_SCRIPT_SANDBOXING = YES;
				GCC_C_LANGUAGE_STANDARD = gnu17;
				GCC_NO_COMMON_BLOCKS = YES;
				GCC_WARN_64_TO_32_BIT_CONVERSION = YES;
				GCC_WARN_ABOUT_RETURN_TYPE = YES_ERROR;
				GCC_WARN_UNDECLARED_SELECTOR = YES;
				GCC_WARN_UNINITIALIZED_AUTOS = YES_AGGRESSIVE;
				GCC_WARN_UNUSED_FUNCTION = YES;
				GCC_WARN_UNUSED_VARIABLE = YES;
				IPHONEOS_DEPLOYMENT_TARGET = 18.4;
				LOCALIZATION_PREFERS_STRING_CATALOGS = YES;
				MTL_ENABLE_DEBUG_INFO = NO;
				MTL_FAST_MATH = YES;
				SDKROOT = iphoneos;
				SWIFT_COMPILATION_MODE = wholemodule;
				VALIDATE_PRODUCT = YES;
			};
			name = Release;
		};
		E1F6D4C12DBE78150023DC68 /* Debug */ = {
			isa = XCBuildConfiguration;
			baseConfigurationReference = 8A3F38BC7E3F306C1C34DBAF /* Pods-googlemap_navigationTests.debug.xcconfig */;
			buildSettings = {
				BUNDLE_LOADER = "$(TEST_HOST)";
				CODE_SIGN_STYLE = Automatic;
				CURRENT_PROJECT_VERSION = 1;
				DEVELOPMENT_TEAM = Z3QHWSBQHF;
				GENERATE_INFOPLIST_FILE = YES;
				IPHONEOS_DEPLOYMENT_TARGET = 18.4;
				MARKETING_VERSION = 1.0;
				PRODUCT_BUNDLE_IDENTIFIER = "com.hz3322.googlemap-navigationTests";
				PRODUCT_NAME = "$(TARGET_NAME)";
				SWIFT_EMIT_LOC_STRINGS = NO;
				SWIFT_VERSION = 5.0;
				TARGETED_DEVICE_FAMILY = "1,2";
				TEST_HOST = "$(BUILT_PRODUCTS_DIR)/googlemap_navigation.app/$(BUNDLE_EXECUTABLE_FOLDER_PATH)/googlemap_navigation";
			};
			name = Debug;
		};
		E1F6D4C22DBE78150023DC68 /* Release */ = {
			isa = XCBuildConfiguration;
			baseConfigurationReference = 9B9F32D921272E8D77243C2C /* Pods-googlemap_navigationTests.release.xcconfig */;
			buildSettings = {
				BUNDLE_LOADER = "$(TEST_HOST)";
				CODE_SIGN_STYLE = Automatic;
				CURRENT_PROJECT_VERSION = 1;
				DEVELOPMENT_TEAM = Z3QHWSBQHF;
				GENERATE_INFOPLIST_FILE = YES;
				IPHONEOS_DEPLOYMENT_TARGET = 18.4;
				MARKETING_VERSION = 1.0;
				PRODUCT_BUNDLE_IDENTIFIER = "com.hz3322.googlemap-navigationTests";
				PRODUCT_NAME = "$(TARGET_NAME)";
				SWIFT_EMIT_LOC_STRINGS = NO;
				SWIFT_VERSION = 5.0;
				TARGETED_DEVICE_FAMILY = "1,2";
				TEST_HOST = "$(BUILT_PRODUCTS_DIR)/googlemap_navigation.app/$(BUNDLE_EXECUTABLE_FOLDER_PATH)/googlemap_navigation";
			};
			name = Release;
		};
		E1F6D4C42DBE78150023DC68 /* Debug */ = {
			isa = XCBuildConfiguration;
			baseConfigurationReference = 0231948395A43820A7E9E51C /* Pods-googlemap_navigation-googlemap_navigationUITests.debug.xcconfig */;
			buildSettings = {
				CODE_SIGN_STYLE = Automatic;
				CURRENT_PROJECT_VERSION = 1;
				DEVELOPMENT_TEAM = Z3QHWSBQHF;
				GENERATE_INFOPLIST_FILE = YES;
				MARKETING_VERSION = 1.0;
				PRODUCT_BUNDLE_IDENTIFIER = "com.hz3322.googlemap-navigationUITests";
				PRODUCT_NAME = "$(TARGET_NAME)";
				SWIFT_EMIT_LOC_STRINGS = NO;
				SWIFT_VERSION = 5.0;
				TARGETED_DEVICE_FAMILY = "1,2";
				TEST_TARGET_NAME = googlemap_navigation;
			};
			name = Debug;
		};
		E1F6D4C52DBE78150023DC68 /* Release */ = {
			isa = XCBuildConfiguration;
			baseConfigurationReference = D0D71BBA43D12510A61251F4 /* Pods-googlemap_navigation-googlemap_navigationUITests.release.xcconfig */;
			buildSettings = {
				CODE_SIGN_STYLE = Automatic;
				CURRENT_PROJECT_VERSION = 1;
				DEVELOPMENT_TEAM = Z3QHWSBQHF;
				GENERATE_INFOPLIST_FILE = YES;
				MARKETING_VERSION = 1.0;
				PRODUCT_BUNDLE_IDENTIFIER = "com.hz3322.googlemap-navigationUITests";
				PRODUCT_NAME = "$(TARGET_NAME)";
				SWIFT_EMIT_LOC_STRINGS = NO;
				SWIFT_VERSION = 5.0;
				TARGETED_DEVICE_FAMILY = "1,2";
				TEST_TARGET_NAME = googlemap_navigation;
			};
			name = Release;
		};
/* End XCBuildConfiguration section */

/* Begin XCConfigurationList section */
		E1F6D48D2DBE78130023DC68 /* Build configuration list for PBXProject "googlemap_navigation" */ = {
			isa = XCConfigurationList;
			buildConfigurations = (
				E1F6D4BE2DBE78150023DC68 /* Debug */,
				E1F6D4BF2DBE78150023DC68 /* Release */,
			);
			defaultConfigurationIsVisible = 0;
			defaultConfigurationName = Release;
		};
		E1F6D4BB2DBE78150023DC68 /* Build configuration list for PBXNativeTarget "googlemap_navigation" */ = {
			isa = XCConfigurationList;
			buildConfigurations = (
				E1F6D4BC2DBE78150023DC68 /* Debug */,
				E1F6D4BD2DBE78150023DC68 /* Release */,
			);
			defaultConfigurationIsVisible = 0;
			defaultConfigurationName = Release;
		};
		E1F6D4C02DBE78150023DC68 /* Build configuration list for PBXNativeTarget "googlemap_navigationTests" */ = {
			isa = XCConfigurationList;
			buildConfigurations = (
				E1F6D4C12DBE78150023DC68 /* Debug */,
				E1F6D4C22DBE78150023DC68 /* Release */,
			);
			defaultConfigurationIsVisible = 0;
			defaultConfigurationName = Release;
		};
		E1F6D4C32DBE78150023DC68 /* Build configuration list for PBXNativeTarget "googlemap_navigationUITests" */ = {
			isa = XCConfigurationList;
			buildConfigurations = (
				E1F6D4C42DBE78150023DC68 /* Debug */,
				E1F6D4C52DBE78150023DC68 /* Release */,
			);
			defaultConfigurationIsVisible = 0;
			defaultConfigurationName = Release;
		};
/* End XCConfigurationList section */
	};
	rootObject = E1F6D48A2DBE78130023DC68 /* Project object */;
}
